
Microsoft Visual Studio Solution File, Format Version 12.00
# Visual Studio Version 17
VisualStudioVersion = 17.14.36518.9 d17.14
MinimumVisualStudioVersion = 10.0.40219.1
Project("{FAE04EC0-301F-11D3-BF4B-00C04F79EFBC}") = "PlantWorld.ApiProvider", "PlantWorld.ApiProvider\PlantWorld.ApiProvider.csproj", "{3C58ED79-D34F-43F0-A1DB-EC4A4B1FE921}"
EndProject
Project("{FAE04EC0-301F-11D3-BF4B-00C04F79EFBC}") = "PlantWorld.MvcConsumer", "PlantWorld.MvcConsumer\PlantWorld.MvcConsumer.csproj", "{5B1F169A-D606-4D0E-9166-2FCD3E4ACFD1}"
EndProject
Global
	GlobalSection(SolutionConfigurationPlatforms) = preSolution
		Debug|Any CPU = Debug|Any CPU
		Release|Any CPU = Release|Any CPU
	EndGlobalSection
	GlobalSection(ProjectConfigurationPlatforms) = postSolution
		{3C58ED79-D34F-43F0-A1DB-EC4A4B1FE921}.Debug|Any CPU.ActiveCfg = Debug|Any CPU
		{3C58ED79-D34F-43F0-A1DB-EC4A4B1FE921}.Debug|Any CPU.Build.0 = Debug|Any CPU
		{3C58ED79-D34F-43F0-A1DB-EC4A4B1FE921}.Release|Any CPU.ActiveCfg = Release|Any CPU
		{3C58ED79-D34F-43F0-A1DB-EC4A4B1FE921}.Release|Any CPU.Build.0 = Release|Any CPU
		{5B1F169A-D606-4D0E-9166-2FCD3E4ACFD1}.Debug|Any CPU.ActiveCfg = Debug|Any CPU
		{5B1F169A-D606-4D0E-9166-2FCD3E4ACFD1}.Debug|Any CPU.Build.0 = Debug|Any CPU
		{5B1F169A-D606-4D0E-9166-2FCD3E4ACFD1}.Release|Any CPU.ActiveCfg = Release|Any CPU
		{5B1F169A-D606-4D0E-9166-2FCD3E4ACFD1}.Release|Any CPU.Build.0 = Release|Any CPU
	EndGlobalSection
	GlobalSection(SolutionProperties) = preSolution
		HideSolutionNode = FALSE
	EndGlobalSection
	GlobalSection(ExtensibilityGlobals) = postSolution
		SolutionGuid = {B7CB2F6B-B755-47D5-B6B9-7734822B4616}
	EndGlobalSection
EndGlobal
